
Microsoft Visual Studio Solution File, Format Version 12.00
# Visual Studio Version 16
VisualStudioVersion = 16.0.29806.167
MinimumVisualStudioVersion = 10.0.40219.1
Project("{9A19103F-16F7-4668-BE54-9A1E7A4F7556}") = "Bouquet", "Bouquet\Bouquet.csproj", "{15E3C121-0CBE-4F77-851E-F0E9514094B6}"
EndProject
Project("{9A19103F-16F7-4668-BE54-9A1E7A4F7556}") = "Bouquet.DataAccess", "Bouquet.DataAccess\Bouquet.DataAccess.csproj", "{AF2FEA80-35F4-4771-99A1-6A0BF2888795}"
EndProject
Project("{9A19103F-16F7-4668-BE54-9A1E7A4F7556}") = "Bouquet.Models", "Bouquet.Models\Bouquet.Models.csproj", "{3B844274-48C9-4B62-A7B3-C86C909FAB7C}"
EndProject
Project("{9A19103F-16F7-4668-BE54-9A1E7A4F7556}") = "Bouquet.Utility", "Bouquet.Utility\Bouquet.Utility.csproj", "{6A60940B-69C6-4CAE-9659-6F450BF62332}"
EndProject
Global
	GlobalSection(SolutionConfigurationPlatforms) = preSolution
		Debug|Any CPU = Debug|Any CPU
		Release|Any CPU = Release|Any CPU
	EndGlobalSection
	GlobalSection(ProjectConfigurationPlatforms) = postSolution
		{15E3C121-0CBE-4F77-851E-F0E9514094B6}.Debug|Any CPU.ActiveCfg = Debug|Any CPU
		{15E3C121-0CBE-4F77-851E-F0E9514094B6}.Debug|Any CPU.Build.0 = Debug|Any CPU
		{15E3C121-0CBE-4F77-851E-F0E9514094B6}.Release|Any CPU.ActiveCfg = Release|Any CPU
		{15E3C121-0CBE-4F77-851E-F0E9514094B6}.Release|Any CPU.Build.0 = Release|Any CPU
		{AF2FEA80-35F4-4771-99A1-6A0BF2888795}.Debug|Any CPU.ActiveCfg = Debug|Any CPU
		{AF2FEA80-35F4-4771-99A1-6A0BF2888795}.Debug|Any CPU.Build.0 = Debug|Any CPU
		{AF2FEA80-35F4-4771-99A1-6A0BF2888795}.Release|Any CPU.ActiveCfg = Release|Any CPU
		{AF2FEA80-35F4-4771-99A1-6A0BF2888795}.Release|Any CPU.Build.0 = Release|Any CPU
		{3B844274-48C9-4B62-A7B3-C86C909FAB7C}.Debug|Any CPU.ActiveCfg = Debug|Any CPU
		{3B844274-48C9-4B62-A7B3-C86C909FAB7C}.Debug|Any CPU.Build.0 = Debug|Any CPU
		{3B844274-48C9-4B62-A7B3-C86C909FAB7C}.Release|Any CPU.ActiveCfg = Release|Any CPU
		{3B844274-48C9-4B62-A7B3-C86C909FAB7C}.Release|Any CPU.Build.0 = Release|Any CPU
		{6A60940B-69C6-4CAE-9659-6F450BF62332}.Debug|Any CPU.ActiveCfg = Debug|Any CPU
		{6A60940B-69C6-4CAE-9659-6F450BF62332}.Debug|Any CPU.Build.0 = Debug|Any CPU
		{6A60940B-69C6-4CAE-9659-6F450BF62332}.Release|Any CPU.ActiveCfg = Release|Any CPU
		{6A60940B-69C6-4CAE-9659-6F450BF62332}.Release|Any CPU.Build.0 = Release|Any CPU
	EndGlobalSection
	GlobalSection(SolutionProperties) = preSolution
		HideSolutionNode = FALSE
	EndGlobalSection
	GlobalSection(ExtensibilityGlobals) = postSolution
		SolutionGuid = {1B89DBFF-EBCB-4271-A546-CC8766033594}
	EndGlobalSection
EndGlobal
